{
  "name": "stabler",
  "version": "0.1.0",
  "lockfileVersion": 3,
  "requires": true,
  "packages": {
    "": {
      "name": "stabler",
      "version": "0.1.0",
      "hasInstallScript": true,
      "dependencies": {
        "@vue-flow/background": "1.3.2",
        "@vue-flow/controls": "1.1.3",
        "@vue-flow/core": "1.48.2",
        "apexcharts": "4.7.0",
        "pinia": "2.1.7",
        "vue": "3.3.9",
        "vue-router": "4.2.5"
      }
    },
    "node_modules/@babel/helper-string-parser": {
      "version": "7.29.7",
      "resolved": "https://registry.npmjs.org/@babel/helper-string-parser/-/helper-string-parser-7.29.7.tgz",
      "integrity": "sha512-Pb5ijPrZ89GDH8223L4UP8i6QApWxs04RbPQJTeWDV0/keR2E36MeKnyr6LYmUUvqRRI+Iv87SuF1W6ErINzYw==",
      "license": "MIT",
      "engines": {
        "node": ">=6.9.0"
      }
    },
    "node_modules/@babel/helper-validator-identifier": {
      "version": "7.29.7",
      "resolved": "https://registry.npmjs.org/@babel/helper-validator-identifier/-/helper-validator-identifier-7.29.7.tgz",
      "integrity": "sha512-qehxGkRj55h/ff8EMaJ+cYhyaKlHIxqYDn682wQD7RNp9UujOQsHog2uS0r2vzr4pW+sXf90NeeayjcNaX3fFg==",
      "license": "MIT",
      "engines": {
        "node": ">=6.9.0"
      }
    },
    "node_modules/@babel/parser": {
      "version": "7.29.7",
      "resolved": "https://registry.npmjs.org/@babel/parser/-/parser-7.29.7.tgz",
      "integrity": "sha512-hnORnjP/1P/zFEndoeX+n+t1RwWRJiJpM/jO7FW32Kn9r5+sJB2JWOdYo4L6k78j15eCwY3Gm/7364B1EMwtNg==",
      "license": "MIT",
      "dependencies": {
        "@babel/types": "^7.29.7"
      },
      "bin": {
        "parser": "bin/babel-parser.js"
      },
      "engines": {
        "node": ">=6.0.0"
      }
    },
    "node_modules/@babel/types": {
      "version": "7.29.7",
      "resolved": "https://registry.npmjs.org/@babel/types/-/types-7.29.7.tgz",
      "integrity": "sha512-4zBIxpPzowiZpusoFkyGVwakdRJUyuH5PxQ/PrqghfdFWWasvnCdPfQXHrenDai+gyLARulZjZowCOj6fjT4pA==",
      "license": "MIT",
      "dependencies": {
        "@babel/helper-string-parser": "^7.29.7",
        "@babel/helper-validator-identifier": "^7.29.7"
      },
      "engines": {
        "node": ">=6.9.0"
      }
    },
    "node_modules/@jridgewell/sourcemap-codec": {
      "version": "1.5.5",
      "resolved": "https://registry.npmjs.org/@jridgewell/sourcemap-codec/-/sourcemap-codec-1.5.5.tgz",
      "integrity": "sha512-cYQ9310grqxueWbl+WuIUIaiUaDcj7WOq5fVhEljNVgRfOUhY9fy2zTvfoqWsnebh8Sl70VScFbICvJnLKB0Og==",
      "license": "MIT"
    },
    "node_modules/@svgdotjs/svg.draggable.js": {
      "version": "3.0.6",
      "resolved": "https://registry.npmjs.org/@svgdotjs/svg.draggable.js/-/svg.draggable.js-3.0.6.tgz",
      "integrity": "sha512-7iJFm9lL3C40HQcqzEfezK2l+dW2CpoVY3b77KQGqc8GXWa6LhhmX5Ckv7alQfUXBuZbjpICZ+Dvq1czlGx7gA==",
      "license": "MIT",
      "peerDependencies": {
        "@svgdotjs/svg.js": "^3.2.4"
      }
    },
    "node_modules/@svgdotjs/svg.filter.js": {
      "version": "3.0.9",
      "resolved": "https://registry.npmjs.org/@svgdotjs/svg.filter.js/-/svg.filter.js-3.0.9.tgz",
      "integrity": "sha512-/69XMRCDoam2HgC4ldHIaDgeQf1ViHIsa0Ld4uWgiXtZ+E24DWHe/9Ib6kbNiZ7WRIdlVokUDR1Fg0kjIpkfbw==",
      "license": "MIT",
      "dependencies": {
        "@svgdotjs/svg.js": "^3.2.4"
      },
      "engines": {
        "node": ">= 0.8.0"
      }
    },
    "node_modules/@svgdotjs/svg.js": {
      "version": "3.2.5",
      "resolved": "https://registry.npmjs.org/@svgdotjs/svg.js/-/svg.js-3.2.5.tgz",
      "integrity": "sha512-/VNHWYhNu+BS7ktbYoVGrCmsXDh+chFMaONMwGNdIBcFHrWqk2jY8fNyr3DLdtQUIalvkPfM554ZSFa3dm3nxQ==",
      "license": "MIT",
      "peer": true,
      "funding": {
        "type": "github",
        "url": "https://github.com/sponsors/Fuzzyma"
      }
    },
    "node_modules/@svgdotjs/svg.resize.js": {
      "version": "2.0.5",
      "resolved": "https://registry.npmjs.org/@svgdotjs/svg.resize.js/-/svg.resize.js-2.0.5.tgz",
      "integrity": "sha512-4heRW4B1QrJeENfi7326lUPYBCevj78FJs8kfeDxn5st0IYPIRXoTtOSYvTzFWgaWWXd3YCDE6ao4fmv91RthA==",
      "license": "MIT",
      "engines": {
        "node": ">= 14.18"
      },
      "peerDependencies": {
        "@svgdotjs/svg.js": "^3.2.4",
        "@svgdotjs/svg.select.js": "^4.0.1"
      }
    },
    "node_modules/@svgdotjs/svg.select.js": {
      "version": "4.0.3",
      "resolved": "https://registry.npmjs.org/@svgdotjs/svg.select.js/-/svg.select.js-4.0.3.tgz",
      "integrity": "sha512-qkMgso1sd2hXKd1FZ1weO7ANq12sNmQJeGDjs46QwDVsxSRcHmvWKL2NDF7Yimpwf3sl5esOLkPqtV2bQ3v/Jg==",
      "license": "MIT",
      "peer": true,
      "engines": {
        "node": ">= 14.18"
      },
      "peerDependencies": {
        "@svgdotjs/svg.js": "^3.2.4"
      }
    },
    "node_modules/@types/web-bluetooth": {
      "version": "0.0.20",
      "resolved": "https://registry.npmjs.org/@types/web-bluetooth/-/web-bluetooth-0.0.20.tgz",
      "integrity": "sha512-g9gZnnXVq7gM7v3tJCWV/qw7w+KeOlSHAhgF9RytFyifW6AF61hdT2ucrYhPq9hLs5JIryeupHV3qGk95dH9ow==",
      "license": "MIT"
    },
    "node_modules/@vue-flow/background": {
      "version": "1.3.2",
      "resolved": "https://registry.npmjs.org/@vue-flow/background/-/background-1.3.2.tgz",
      "integrity": "sha512-eJPhDcLj1wEo45bBoqTXw1uhl0yK2RaQGnEINqvvBsAFKh/camHJd5NPmOdS1w+M9lggc9igUewxaEd3iCQX2w==",
      "license": "MIT",
      "peerDependencies": {
        "@vue-flow/core": "^1.23.0",
        "vue": "^3.3.0"
      }
    },
    "node_modules/@vue-flow/controls": {
      "version": "1.1.3",
      "resolved": "https://registry.npmjs.org/@vue-flow/controls/-/controls-1.1.3.tgz",
      "integrity": "sha512-XCf+G+jCvaWURdFlZmOjifZGw3XMhN5hHlfMGkWh9xot+9nH9gdTZtn+ldIJKtarg3B21iyHU8JjKDhYcB6JMw==",
      "license": "MIT",
      "peerDependencies": {
        "@vue-flow/core": "^1.23.0",
        "vue": "^3.3.0"
      }
    },
    "node_modules/@vue-flow/core": {
      "version": "1.48.2",
      "resolved": "https://registry.npmjs.org/@vue-flow/core/-/core-1.48.2.tgz",
      "integrity": "sha512-raxhgKWE+G/mcEvXJjGFUDYW9rAI3GOtiHR3ZkNpwBWuIaCC1EYiBmKGwJOoNzVFgwO7COgErnK7i08i287AFA==",
      "license": "MIT",
      "peer": true,
      "dependencies": {
        "@vueuse/core": "^10.5.0",
        "d3-drag": "^3.0.0",
        "d3-interpolate": "^3.0.1",
        "d3-selection": "^3.0.0",
        "d3-zoom": "^3.0.0"
      },
      "peerDependencies": {
        "vue": "^3.3.0"
      }
    },
    "node_modules/@vue/compiler-core": {
      "version": "3.3.9",
      "resolved": "https://registry.npmjs.org/@vue/compiler-core/-/compiler-core-3.3.9.tgz",
      "integrity": "sha512-+/Lf68Vr/nFBA6ol4xOtJrW+BQWv3QWKfRwGSm70jtXwfhZNF4R/eRgyVJYoxFRhdCTk/F6g99BP0ffPgZihfQ==",
      "license": "MIT",
      "dependencies": {
        "@babel/parser": "^7.23.3",
        "@vue/shared": "3.3.9",
        "estree-walker": "^2.0.2",
        "source-map-js": "^1.0.2"
      }
    },
    "node_modules/@vue/compiler-dom": {
      "version": "3.3.9",
      "resolved": "https://registry.npmjs.org/@vue/compiler-dom/-/compiler-dom-3.3.9.tgz",
      "integrity": "sha512-nfWubTtLXuT4iBeDSZ5J3m218MjOy42Vp2pmKVuBKo2/BLcrFUX8nCSr/bKRFiJ32R8qbdnnnBgRn9AdU5v0Sg==",
      "license": "MIT",
      "dependencies": {
        "@vue/compiler-core": "3.3.9",
        "@vue/shared": "3.3.9"
      }
    },
    "node_modules/@vue/compiler-sfc": {
      "version": "3.3.9",
      "resolved": "https://registry.npmjs.org/@vue/compiler-sfc/-/compiler-sfc-3.3.9.tgz",
      "integrity": "sha512-wy0CNc8z4ihoDzjASCOCsQuzW0A/HP27+0MDSSICMjVIFzk/rFViezkR3dzH+miS2NDEz8ywMdbjO5ylhOLI2A==",
      "license": "MIT",
      "dependencies": {
        "@babel/parser": "^7.23.3",
        "@vue/compiler-core": "3.3.9",
        "@vue/compiler-dom": "3.3.9",
        "@vue/compiler-ssr": "3.3.9",
        "@vue/reactivity-transform": "3.3.9",
        "@vue/shared": "3.3.9",
        "estree-walker": "^2.0.2",
        "magic-string": "^0.30.5",
        "postcss": "^8.4.31",
        "source-map-js": "^1.0.2"
      }
    },
    "node_modules/@vue/compiler-ssr": {
      "version": "3.3.9",
      "resolved": "https://registry.npmjs.org/@vue/compiler-ssr/-/compiler-ssr-3.3.9.tgz",
      "integrity": "sha512-NO5oobAw78R0G4SODY5A502MGnDNiDjf6qvhn7zD7TJGc8XDeIEw4fg6JU705jZ/YhuokBKz0A5a/FL/XZU73g==",
      "license": "MIT",
      "dependencies": {
        "@vue/compiler-dom": "3.3.9",
        "@vue/shared": "3.3.9"
      }
    },
    "node_modules/@vue/devtools-api": {
      "version": "6.6.4",
      "resolved": "https://registry.npmjs.org/@vue/devtools-api/-/devtools-api-6.6.4.tgz",
      "integrity": "sha512-sGhTPMuXqZ1rVOk32RylztWkfXTRhuS7vgAKv0zjqk8gbsHkJ7xfFf+jbySxt7tWObEJwyKaHMikV/WGDiQm8g==",
      "license": "MIT"
    },
    "node_modules/@vue/reactivity": {
      "version": "3.3.9",
      "resolved": "https://registry.npmjs.org/@vue/reactivity/-/reactivity-3.3.9.tgz",
      "integrity": "sha512-VmpIqlNp+aYDg2X0xQhJqHx9YguOmz2UxuUJDckBdQCNkipJvfk9yA75woLWElCa0Jtyec3lAAt49GO0izsphw==",
      "license": "MIT",
      "dependencies": {
        "@vue/shared": "3.3.9"
      }
    },
    "node_modules/@vue/reactivity-transform": {
      "version": "3.3.9",
      "resolved": "https://registry.npmjs.org/@vue/reactivity-transform/-/reactivity-transform-3.3.9.tgz",
      "integrity": "sha512-HnUFm7Ry6dFa4Lp63DAxTixUp8opMtQr6RxQCpDI1vlh12rkGIeYqMvJtK+IKyEfEOa2I9oCkD1mmsPdaGpdVg==",
      "license": "MIT",
      "dependencies": {
        "@babel/parser": "^7.23.3",
        "@vue/compiler-core": "3.3.9",
        "@vue/shared": "3.3.9",
        "estree-walker": "^2.0.2",
        "magic-string": "^0.30.5"
      }
    },
    "node_modules/@vue/runtime-core": {
      "version": "3.3.9",
      "resolved": "https://registry.npmjs.org/@vue/runtime-core/-/runtime-core-3.3.9.tgz",
      "integrity": "sha512-xxaG9KvPm3GTRuM4ZyU8Tc+pMVzcu6eeoSRQJ9IE7NmCcClW6z4B3Ij6L4EDl80sxe/arTtQ6YmgiO4UZqRc+w==",
      "license": "MIT",
      "dependencies": {
        "@vue/reactivity": "3.3.9",
        "@vue/shared": "3.3.9"
      }
    },
    "node_modules/@vue/runtime-dom": {
      "version": "3.3.9",
      "resolved": "https://registry.npmjs.org/@vue/runtime-dom/-/runtime-dom-3.3.9.tgz",
      "integrity": "sha512-e7LIfcxYSWbV6BK1wQv9qJyxprC75EvSqF/kQKe6bdZEDNValzeRXEVgiX7AHI6hZ59HA4h7WT5CGvm69vzJTQ==",
      "license": "MIT",
      "dependencies": {
        "@vue/runtime-core": "3.3.9",
        "@vue/shared": "3.3.9",
        "csstype": "^3.1.2"
      }
    },
    "node_modules/@vue/server-renderer": {
      "version": "3.3.9",
      "resolved": "https://registry.npmjs.org/@vue/server-renderer/-/server-renderer-3.3.9.tgz",
      "integrity": "sha512-w0zT/s5l3Oa3ZjtLW88eO4uV6AQFqU8X5GOgzq7SkQQu6vVr+8tfm+OI2kDBplS/W/XgCBuFXiPw6T5EdwXP0A==",
      "license": "MIT",
      "dependencies": {
        "@vue/compiler-ssr": "3.3.9",
        "@vue/shared": "3.3.9"
      },
      "peerDependencies": {
        "vue": "3.3.9"
      }
    },
    "node_modules/@vue/shared": {
      "version": "3.3.9",
      "resolved": "https://registry.npmjs.org/@vue/shared/-/shared-3.3.9.tgz",
      "integrity": "sha512-ZE0VTIR0LmYgeyhurPTpy4KzKsuDyQbMSdM49eKkMnT5X4VfFBLysMzjIZhLEFQYjjOVVfbvUDHckwjDFiO2eA==",
      "license": "MIT"
    },
    "node_modules/@vueuse/core": {
      "version": "10.11.1",
      "resolved": "https://registry.npmjs.org/@vueuse/core/-/core-10.11.1.tgz",
      "integrity": "sha512-guoy26JQktXPcz+0n3GukWIy/JDNKti9v6VEMu6kV2sYBsWuGiTU8OWdg+ADfUbHg3/3DlqySDe7JmdHrktiww==",
      "license": "MIT",
      "dependencies": {
        "@types/web-bluetooth": "^0.0.20",
        "@vueuse/metadata": "10.11.1",
        "@vueuse/shared": "10.11.1",
        "vue-demi": ">=0.14.8"
      },
      "funding": {
        "url": "https://github.com/sponsors/antfu"
      }
    },
    "node_modules/@vueuse/core/node_modules/vue-demi": {
      "version": "0.14.10",
      "resolved": "https://registry.npmjs.org/vue-demi/-/vue-demi-0.14.10.tgz",
      "integrity": "sha512-nMZBOwuzabUO0nLgIcc6rycZEebF6eeUfaiQx9+WSk8e29IbLvPU9feI6tqW4kTo3hvoYAJkMh8n8D0fuISphg==",
      "hasInstallScript": true,
      "license": "MIT",
      "bin": {
        "vue-demi-fix": "bin/vue-demi-fix.js",
        "vue-demi-switch": "bin/vue-demi-switch.js"
      },
      "engines": {
        "node": ">=12"
      },
      "funding": {
        "url": "https://github.com/sponsors/antfu"
      },
      "peerDependencies": {
        "@vue/composition-api": "^1.0.0-rc.1",
        "vue": "^3.0.0-0 || ^2.6.0"
      },
      "peerDependenciesMeta": {
        "@vue/composition-api": {
          "optional": true
        }
      }
    },
    "node_modules/@vueuse/metadata": {
      "version": "10.11.1",
      "resolved": "https://registry.npmjs.org/@vueuse/metadata/-/metadata-10.11.1.tgz",
      "integrity": "sha512-IGa5FXd003Ug1qAZmyE8wF3sJ81xGLSqTqtQ6jaVfkeZ4i5kS2mwQF61yhVqojRnenVew5PldLyRgvdl4YYuSw==",
      "license": "MIT",
      "funding": {
        "url": "https://github.com/sponsors/antfu"
      }
    },
    "node_modules/@vueuse/shared": {
      "version": "10.11.1",
      "resolved": "https://registry.npmjs.org/@vueuse/shared/-/shared-10.11.1.tgz",
      "integrity": "sha512-LHpC8711VFZlDaYUXEBbFBCQ7GS3dVU9mjOhhMhXP6txTV4EhYQg/KGnQuvt/sPAtoUKq7VVUnL6mVtFoL42sA==",
      "license": "MIT",
      "dependencies": {
        "vue-demi": ">=0.14.8"
      },
      "funding": {
        "url": "https://github.com/sponsors/antfu"
      }
    },
    "node_modules/@vueuse/shared/node_modules/vue-demi": {
      "version": "0.14.10",
      "resolved": "https://registry.npmjs.org/vue-demi/-/vue-demi-0.14.10.tgz",
      "integrity": "sha512-nMZBOwuzabUO0nLgIcc6rycZEebF6eeUfaiQx9+WSk8e29IbLvPU9feI6tqW4kTo3hvoYAJkMh8n8D0fuISphg==",
      "hasInstallScript": true,
      "license": "MIT",
      "bin": {
        "vue-demi-fix": "bin/vue-demi-fix.js",
        "vue-demi-switch": "bin/vue-demi-switch.js"
      },
      "engines": {
        "node": ">=12"
      },
      "funding": {
        "url": "https://github.com/sponsors/antfu"
      },
      "peerDependencies": {
        "@vue/composition-api": "^1.0.0-rc.1",
        "vue": "^3.0.0-0 || ^2.6.0"
      },
      "peerDependenciesMeta": {
        "@vue/composition-api": {
          "optional": true
        }
      }
    },
    "node_modules/@yr/monotone-cubic-spline": {
      "version": "1.0.3",
      "resolved": "https://registry.npmjs.org/@yr/monotone-cubic-spline/-/monotone-cubic-spline-1.0.3.tgz",
      "integrity": "sha512-FQXkOta0XBSUPHndIKON2Y9JeQz5ZeMqLYZVVK93FliNBFm7LNMIZmY6FrMEB9XPcDbE2bekMbZD6kzDkxwYjA==",
      "license": "MIT"
    },
    "node_modules/apexcharts": {
      "version": "4.7.0",
      "resolved": "https://registry.npmjs.org/apexcharts/-/apexcharts-4.7.0.tgz",
      "integrity": "sha512-iZSrrBGvVlL+nt2B1NpqfDuBZ9jX61X9I2+XV0hlYXHtTwhwLTHDKGXjNXAgFBDLuvSYCB/rq2nPWVPRv2DrGA==",
      "license": "MIT",
      "dependencies": {
        "@svgdotjs/svg.draggable.js": "^3.0.4",
        "@svgdotjs/svg.filter.js": "^3.0.8",
        "@svgdotjs/svg.js": "^3.2.4",
        "@svgdotjs/svg.resize.js": "^2.0.2",
        "@svgdotjs/svg.select.js": "^4.0.1",
        "@yr/monotone-cubic-spline": "^1.0.3"
      }
    },
    "node_modules/csstype": {
      "version": "3.2.3",
      "resolved": "https://registry.npmjs.org/csstype/-/csstype-3.2.3.tgz",
      "integrity": "sha512-z1HGKcYy2xA8AGQfwrn0PAy+PB7X/GSj3UVJW9qKyn43xWa+gl5nXmU4qqLMRzWVLFC8KusUX8T/0kCiOYpAIQ==",
      "license": "MIT"
    },
    "node_modules/d3-color": {
      "version": "3.1.0",
      "resolved": "https://registry.npmjs.org/d3-color/-/d3-color-3.1.0.tgz",
      "integrity": "sha512-zg/chbXyeBtMQ1LbD/WSoW2DpC3I0mpmPdW+ynRTj/x2DAWYrIY7qeZIHidozwV24m4iavr15lNwIwLxRmOxhA==",
      "license": "ISC",
      "engines": {
        "node": ">=12"
      }
    },
    "node_modules/d3-dispatch": {
      "version": "3.0.1",
      "resolved": "https://registry.npmjs.org/d3-dispatch/-/d3-dispatch-3.0.1.tgz",
      "integrity": "sha512-rzUyPU/S7rwUflMyLc1ETDeBj0NRuHKKAcvukozwhshr6g6c5d8zh4c2gQjY2bZ0dXeGLWc1PF174P2tVvKhfg==",
      "license": "ISC",
      "engines": {
        "node": ">=12"
      }
    },
    "node_modules/d3-drag": {
      "version": "3.0.0",
      "resolved": "https://registry.npmjs.org/d3-drag/-/d3-drag-3.0.0.tgz",
      "integrity": "sha512-pWbUJLdETVA8lQNJecMxoXfH6x+mO2UQo8rSmZ+QqxcbyA3hfeprFgIT//HW2nlHChWeIIMwS2Fq+gEARkhTkg==",
      "license": "ISC",
      "dependencies": {
        "d3-dispatch": "1 - 3",
        "d3-selection": "3"
      },
      "engines": {
        "node": ">=12"
      }
    },
    "node_modules/d3-ease": {
      "version": "3.0.1",
      "resolved": "https://registry.npmjs.org/d3-ease/-/d3-ease-3.0.1.tgz",
      "integrity": "sha512-wR/XK3D3XcLIZwpbvQwQ5fK+8Ykds1ip7A2Txe0yxncXSdq1L9skcG7blcedkOX+ZcgxGAmLX1FrRGbADwzi0w==",
      "license": "BSD-3-Clause",
      "engines": {
        "node": ">=12"
      }
    },
    "node_modules/d3-interpolate": {
      "version": "3.0.1",
      "resolved": "https://registry.npmjs.org/d3-interpolate/-/d3-interpolate-3.0.1.tgz",
      "integrity": "sha512-3bYs1rOD33uo8aqJfKP3JWPAibgw8Zm2+L9vBKEHJ2Rg+viTR7o5Mmv5mZcieN+FRYaAOWX5SJATX6k1PWz72g==",
      "license": "ISC",
      "dependencies": {
        "d3-color": "1 - 3"
      },
      "engines": {
        "node": ">=12"
      }
    },
    "node_modules/d3-selection": {
      "version": "3.0.0",
      "resolved": "https://registry.npmjs.org/d3-selection/-/d3-selection-3.0.0.tgz",
      "integrity": "sha512-fmTRWbNMmsmWq6xJV8D19U/gw/bwrHfNXxrIN+HfZgnzqTHp9jOmKMhsTUjXOJnZOdZY9Q28y4yebKzqDKlxlQ==",
      "license": "ISC",
      "peer": true,
      "engines": {
        "node": ">=12"
      }
    },
    "node_modules/d3-timer": {
      "version": "3.0.1",
      "resolved": "https://registry.npmjs.org/d3-timer/-/d3-timer-3.0.1.tgz",
      "integrity": "sha512-ndfJ/JxxMd3nw31uyKoY2naivF+r29V+Lc0svZxe1JvvIRmi8hUsrMvdOwgS1o6uBHmiz91geQ0ylPP0aj1VUA==",
      "license": "ISC",
      "engines": {
        "node": ">=12"
      }
    },
    "node_modules/d3-transition": {
      "version": "3.0.1",
      "resolved": "https://registry.npmjs.org/d3-transition/-/d3-transition-3.0.1.tgz",
      "integrity": "sha512-ApKvfjsSR6tg06xrL434C0WydLr7JewBB3V+/39RMHsaXTOG0zmt/OAXeng5M5LBm0ojmxJrpomQVZ1aPvBL4w==",
      "license": "ISC",
      "dependencies": {
        "d3-color": "1 - 3",
        "d3-dispatch": "1 - 3",
        "d3-ease": "1 - 3",
        "d3-interpolate": "1 - 3",
        "d3-timer": "1 - 3"
      },
      "engines": {
        "node": ">=12"
      },
      "peerDependencies": {
        "d3-selection": "2 - 3"
      }
    },
    "node_modules/d3-zoom": {
      "version": "3.0.0",
      "resolved": "https://registry.npmjs.org/d3-zoom/-/d3-zoom-3.0.0.tgz",
      "integrity": "sha512-b8AmV3kfQaqWAuacbPuNbL6vahnOJflOhexLzMMNLga62+/nh0JzvJ0aO/5a5MVgUFGS7Hu1P9P03o3fJkDCyw==",
      "license": "ISC",
      "dependencies": {
        "d3-dispatch": "1 - 3",
        "d3-drag": "2 - 3",
        "d3-interpolate": "1 - 3",
        "d3-selection": "2 - 3",
        "d3-transition": "2 - 3"
      },
      "engines": {
        "node": ">=12"
      }
    },
    "node_modules/estree-walker": {
      "version": "2.0.2",
      "resolved": "https://registry.npmjs.org/estree-walker/-/estree-walker-2.0.2.tgz",
      "integrity": "sha512-Rfkk/Mp/DL7JVje3u18FxFujQlTNR2q6QfMSMB7AvCBx91NGj/ba3kCfza0f6dVDbw7YlRf/nDrn7pQrCCyQ/w==",
      "license": "MIT"
    },
    "node_modules/magic-string": {
      "version": "0.30.21",
      "resolved": "https://registry.npmjs.org/magic-string/-/magic-string-0.30.21.tgz",
      "integrity": "sha512-vd2F4YUyEXKGcLHoq+TEyCjxueSeHnFxyyjNp80yg0XV4vUhnDer/lvvlqM/arB5bXQN5K2/3oinyCRyx8T2CQ==",
      "license": "MIT",
      "dependencies": {
        "@jridgewell/sourcemap-codec": "^1.5.5"
      }
    },
    "node_modules/nanoid": {
      "version": "3.3.12",
      "resolved": "https://registry.npmjs.org/nanoid/-/nanoid-3.3.12.tgz",
      "integrity": "sha512-ZB9RH/39qpq5Vu6Y+NmUaFhQR6pp+M2Xt76XBnEwDaGcVAqhlvxrl3B2bKS5D3NH3QR76v3aSrKaF/Kiy7lEtQ==",
      "funding": [
        {
          "type": "github",
          "url": "https://github.com/sponsors/ai"
        }
      ],
      "license": "MIT",
      "bin": {
        "nanoid": "bin/nanoid.cjs"
      },
      "engines": {
        "node": "^10 || ^12 || ^13.7 || ^14 || >=15.0.1"
      }
    },
    "node_modules/picocolors": {
      "version": "1.1.1",
      "resolved": "https://registry.npmjs.org/picocolors/-/picocolors-1.1.1.tgz",
      "integrity": "sha512-xceH2snhtb5M9liqDsmEw56le376mTZkEX/jEb/RxNFyegNul7eNslCXP9FDj/Lcu0X8KEyMceP2ntpaHrDEVA==",
      "license": "ISC"
    },
    "node_modules/pinia": {
      "version": "2.1.7",
      "resolved": "https://registry.npmjs.org/pinia/-/pinia-2.1.7.tgz",
      "integrity": "sha512-+C2AHFtcFqjPih0zpYuvof37SFxMQ7OEG2zV9jRI12i9BOy3YQVAHwdKtyyc8pDcDyIc33WCIsZaCFWU7WWxGQ==",
      "license": "MIT",
      "dependencies": {
        "@vue/devtools-api": "^6.5.0",
        "vue-demi": ">=0.14.5"
      },
      "funding": {
        "url": "https://github.com/sponsors/posva"
      },
      "peerDependencies": {
        "@vue/composition-api": "^1.4.0",
        "typescript": ">=4.4.4",
        "vue": "^2.6.14 || ^3.3.0"
      },
      "peerDependenciesMeta": {
        "@vue/composition-api": {
          "optional": true
        },
        "typescript": {
          "optional": true
        }
      }
    },
    "node_modules/pinia/node_modules/vue-demi": {
      "version": "0.14.10",
      "resolved": "https://registry.npmjs.org/vue-demi/-/vue-demi-0.14.10.tgz",
      "integrity": "sha512-nMZBOwuzabUO0nLgIcc6rycZEebF6eeUfaiQx9+WSk8e29IbLvPU9feI6tqW4kTo3hvoYAJkMh8n8D0fuISphg==",
      "hasInstallScript": true,
      "license": "MIT",
      "bin": {
        "vue-demi-fix": "bin/vue-demi-fix.js",
        "vue-demi-switch": "bin/vue-demi-switch.js"
      },
      "engines": {
        "node": ">=12"
      },
      "funding": {
        "url": "https://github.com/sponsors/antfu"
      },
      "peerDependencies": {
        "@vue/composition-api": "^1.0.0-rc.1",
        "vue": "^3.0.0-0 || ^2.6.0"
      },
      "peerDependenciesMeta": {
        "@vue/composition-api": {
          "optional": true
        }
      }
    },
    "node_modules/postcss": {
      "version": "8.5.15",
      "resolved": "https://registry.npmjs.org/postcss/-/postcss-8.5.15.tgz",
      "integrity": "sha512-FfR8sjd4em2T6fb3I2MwAJU7HWVMr9zba+enmQeeWFfCbm+UOC/0X4DS8XtpUTMwWMGbjKYP7xjfNekzyGmB3A==",
      "funding": [
        {
          "type": "opencollective",
          "url": "https://opencollective.com/postcss/"
        },
        {
          "type": "tidelift",
          "url": "https://tidelift.com/funding/github/npm/postcss"
        },
        {
          "type": "github",
          "url": "https://github.com/sponsors/ai"
        }
      ],
      "license": "MIT",
      "dependencies": {
        "nanoid": "^3.3.12",
        "picocolors": "^1.1.1",
        "source-map-js": "^1.2.1"
      },
      "engines": {
        "node": "^10 || ^12 || >=14"
      }
    },
    "node_modules/source-map-js": {
      "version": "1.2.1",
      "resolved": "https://registry.npmjs.org/source-map-js/-/source-map-js-1.2.1.tgz",
      "integrity": "sha512-UXWMKhLOwVKb728IUtQPXxfYU+usdybtUrK/8uGE8CQMvrhOpwvzDBwj0QhSL7MQc7vIsISBG8VQ8+IDQxpfQA==",
      "license": "BSD-3-Clause",
      "engines": {
        "node": ">=0.10.0"
      }
    },
    "node_modules/vue": {
      "version": "3.3.9",
      "resolved": "https://registry.npmjs.org/vue/-/vue-3.3.9.tgz",
      "integrity": "sha512-sy5sLCTR8m6tvUk1/ijri3Yqzgpdsmxgj6n6yl7GXXCXqVbmW2RCXe9atE4cEI6Iv7L89v5f35fZRRr5dChP9w==",
      "license": "MIT",
      "peer": true,
      "dependencies": {
        "@vue/compiler-dom": "3.3.9",
        "@vue/compiler-sfc": "3.3.9",
        "@vue/runtime-dom": "3.3.9",
        "@vue/server-renderer": "3.3.9",
        "@vue/shared": "3.3.9"
      },
      "peerDependencies": {
        "typescript": "*"
      },
      "peerDependenciesMeta": {
        "typescript": {
          "optional": true
        }
      }
    },
    "node_modules/vue-router": {
      "version": "4.2.5",
      "resolved": "https://registry.npmjs.org/vue-router/-/vue-router-4.2.5.tgz",
      "integrity": "sha512-DIUpKcyg4+PTQKfFPX88UWhlagBEBEfJ5A8XDXRJLUnZOvcpMF8o/dnL90vpVkGaPbjvXazV/rC1qBKrZlFugw==",
      "license": "MIT",
      "dependencies": {
        "@vue/devtools-api": "^6.5.0"
      },
      "funding": {
        "url": "https://github.com/sponsors/posva"
      },
      "peerDependencies": {
        "vue": "^3.2.0"
      }
    }
  }
}
